
Microsoft Visual Studio Solution File, Format Version 12.00
# Visual Studio Version 17
VisualStudioVersion = 17.5.002.0
MinimumVisualStudioVersion = 10.0.40219.1
Project("{9A19103F-16F7-4668-BE54-9A1E7A4F7556}") = "GuessTheNumber", "GuessTheNumber.csproj", "{2B1A9830-AB2D-44FA-9F17-C6D03EE1E504}"
EndProject
Global
	GlobalSection(SolutionConfigurationPlatforms) = preSolution
		Debug|Any CPU = Debug|Any CPU
		Release|Any CPU = Release|Any CPU
	EndGlobalSection
	GlobalSection(ProjectConfigurationPlatforms) = postSolution
		{2B1A9830-AB2D-44FA-9F17-C6D03EE1E504}.Debug|Any CPU.ActiveCfg = Debug|Any CPU
		{2B1A9830-AB2D-44FA-9F17-C6D03EE1E504}.Debug|Any CPU.Build.0 = Debug|Any CPU
		{2B1A9830-AB2D-44FA-9F17-C6D03EE1E504}.Release|Any CPU.ActiveCfg = Release|Any CPU
		{2B1A9830-AB2D-44FA-9F17-C6D03EE1E504}.Release|Any CPU.Build.0 = Release|Any CPU
	EndGlobalSection
	GlobalSection(SolutionProperties) = preSolution
		HideSolutionNode = FALSE
	EndGlobalSection
	GlobalSection(ExtensibilityGlobals) = postSolution
		SolutionGuid = {65C3B598-1052-45A3-A744-F7FCFB4434AE}
	EndGlobalSection
EndGlobal
